// !$*UTF8*$!
{
	archiveVersion = 1;
	classes = {
	};
	objectVersion = 77;
	objects = {

/* Begin PBXBuildFile section */
		6009B9942DBFC370004971D4 /* WeatherClient in Frameworks */ = {isa = PBXBuildFile; productRef = 6009B9932DBFC370004971D4 /* WeatherClient */; };
		6009BAD02DBFF505004971D4 /* ComposableArchitecture in Frameworks */ = {isa = PBXBuildFile; productRef = 6009BACF2DBFF505004971D4 /* ComposableArchitecture */; };
/* End PBXBuildFile section */

/* Begin PBXContainerItemProxy section */
		6009B9732DBFC22E004971D4 /* PBXContainerItemProxy */ = {
			isa = PBXContainerItemProxy;
			containerPortal = 6009B95D2DBFC22D004971D4 /* Project object */;
			proxyType = 1;
			remoteGlobalIDString = 6009B9642DBFC22D004971D4;
			remoteInfo = "KC-Challenge";
		};
		6009B97D2DBFC22E004971D4 /* PBXContainerItemProxy */ = {
			isa = PBXContainerItemProxy;
			containerPortal = 6009B95D2DBFC22D004971D4 /* Project object */;
			proxyType = 1;
			remoteGlobalIDString = 6009B9642DBFC22D004971D4;
			remoteInfo = "KC-Challenge";
		};
/* End PBXContainerItemProxy section */

/* Begin PBXFileReference section */
		6009B9652DBFC22D004971D4 /* KC-Challenge.app */ = {isa = PBXFileReference; explicitFileType = wrapper.application; includeInIndex = 0; path = "KC-Challenge.app"; sourceTree = BUILT_PRODUCTS_DIR; };
		6009B9722DBFC22E004971D4 /* KC-ChallengeTests.xctest */ = {isa = PBXFileReference; explicitFileType = wrapper.cfbundle; includeInIndex = 0; path = "KC-ChallengeTests.xctest"; sourceTree = BUILT_PRODUCTS_DIR; };
		6009B97C2DBFC22E004971D4 /* KC-ChallengeUITests.xctest */ = {isa = PBXFileReference; explicitFileType = wrapper.cfbundle; includeInIndex = 0; path = "KC-ChallengeUITests.xctest"; sourceTree = BUILT_PRODUCTS_DIR; };
/* End PBXFileReference section */

/* Begin PBXFileSystemSynchronizedRootGroup section */
		6009B9672DBFC22D004971D4 /* KC-Challenge */ = {
			isa = PBXFileSystemSynchronizedRootGroup;
			path = "KC-Challenge";
			sourceTree = "<group>";
		};
		6009B9752DBFC22E004971D4 /* KC-ChallengeTests */ = {
			isa = PBXFileSystemSynchronizedRootGroup;
			path = "KC-ChallengeTests";
			sourceTree = "<group>";
		};
		6009B97F2DBFC22E004971D4 /* KC-ChallengeUITests */ = {
			isa = PBXFileSystemSynchronizedRootGroup;
			path = "KC-ChallengeUITests";
			sourceTree = "<group>";
		};
/* End PBXFileSystemSynchronizedRootGroup section */

/* Begin PBXFrameworksBuildPhase section */
		6009B9622DBFC22D004971D4 /* Frameworks */ = {
			isa = PBXFrameworksBuildPhase;
			buildActionMask = 2147483647;
			files = (
				6009BAD02DBFF505004971D4 /* ComposableArchitecture in Frameworks */,
				6009B9942DBFC370004971D4 /* WeatherClient in Frameworks */,
			);
			runOnlyForDeploymentPostprocessing = 0;
		};
		6009B96F2DBFC22E004971D4 /* Frameworks */ = {
			isa = PBXFrameworksBuildPhase;
			buildActionMask = 2147483647;
			files = (
			);
			runOnlyForDeploymentPostprocessing = 0;
		};
		6009B9792DBFC22E004971D4 /* Frameworks */ = {
			isa = PBXFrameworksBuildPhase;
			buildActionMask = 2147483647;
			files = (
			);
			runOnlyForDeploymentPostprocessing = 0;
		};
/* End PBXFrameworksBuildPhase section */

/* Begin PBXGroup section */
		6009B95C2DBFC22D004971D4 = {
			isa = PBXGroup;
			children = (
				6009B9672DBFC22D004971D4 /* KC-Challenge */,
				6009B9752DBFC22E004971D4 /* KC-ChallengeTests */,
				6009B97F2DBFC22E004971D4 /* KC-ChallengeUITests */,
				6009B9922DBFC36A004971D4 /* Frameworks */,
				6009B9662DBFC22D004971D4 /* Products */,
			);
			sourceTree = "<group>";
		};
		6009B9662DBFC22D004971D4 /* Products */ = {
			isa = PBXGroup;
			children = (
				6009B9652DBFC22D004971D4 /* KC-Challenge.app */,
				6009B9722DBFC22E004971D4 /* KC-ChallengeTests.xctest */,
				6009B97C2DBFC22E004971D4 /* KC-ChallengeUITests.xctest */,
			);
			name = Products;
			sourceTree = "<group>";
		};
		6009B9922DBFC36A004971D4 /* Frameworks */ = {
			isa = PBXGroup;
			children = (
			);
			name = Frameworks;
			sourceTree = "<group>";
		};
/* End PBXGroup section */

/* Begin PBXNativeTarget section */
		6009B9642DBFC22D004971D4 /* KC-Challenge */ = {
			isa = PBXNativeTarget;
			buildConfigurationList = 6009B9862DBFC22E004971D4 /* Build configuration list for PBXNativeTarget "KC-Challenge" */;
			buildPhases = (
				6009B9612DBFC22D004971D4 /* Sources */,
				6009B9622DBFC22D004971D4 /* Frameworks */,
				6009B9632DBFC22D004971D4 /* Resources */,
			);
			buildRules = (
			);
			dependencies = (
			);
			fileSystemSynchronizedGroups = (
				6009B9672DBFC22D004971D4 /* KC-Challenge */,
			);
			name = "KC-Challenge";
			packageProductDependencies = (
				6009B9932DBFC370004971D4 /* WeatherClient */,
				6009BACF2DBFF505004971D4 /* ComposableArchitecture */,
			);
			productName = "KC-Challenge";
			productReference = 6009B9652DBFC22D004971D4 /* KC-Challenge.app */;
			productType = "com.apple.product-type.application";
		};
		6009B9712DBFC22E004971D4 /* KC-ChallengeTests */ = {
			isa = PBXNativeTarget;
			buildConfigurationList = 6009B9892DBFC22E004971D4 /* Build configuration list for PBXNativeTarget "KC-ChallengeTests" */;
			buildPhases = (
				6009B96E2DBFC22E004971D4 /* Sources */,
				6009B96F2DBFC22E004971D4 /* Frameworks */,
				6009B9702DBFC22E004971D4 /* Resources */,
			);
			buildRules = (
			);
			dependencies = (
				6009B9742DBFC22E004971D4 /* PBXTargetDependency */,
			);
			fileSystemSynchronizedGroups = (
				6009B9752DBFC22E004971D4 /* KC-ChallengeTests */,
			);
			name = "KC-ChallengeTests";
			packageProductDependencies = (
			);
			productName = "KC-ChallengeTests";
			productReference = 6009B9722DBFC22E004971D4 /* KC-ChallengeTests.xctest */;
			productType = "com.apple.product-type.bundle.unit-test";
		};
		6009B97B2DBFC22E004971D4 /* KC-ChallengeUITests */ = {
			isa = PBXNativeTarget;
			buildConfigurationList = 6009B98C2DBFC22E004971D4 /* Build configuration list for PBXNativeTarget "KC-ChallengeUITests" */;
			buildPhases = (
				6009B9782DBFC22E004971D4 /* Sources */,
				6009B9792DBFC22E004971D4 /* Frameworks */,
				6009B97A2DBFC22E004971D4 /* Resources */,
			);
			buildRules = (
			);
			dependencies = (
				6009B97E2DBFC22E004971D4 /* PBXTargetDependency */,
			);
			fileSystemSynchronizedGroups = (
				6009B97F2DBFC22E004971D4 /* KC-ChallengeUITests */,
			);
			name = "KC-ChallengeUITests";
			packageProductDependencies = (
			);
			productName = "KC-ChallengeUITests";
			productReference = 6009B97C2DBFC22E004971D4 /* KC-ChallengeUITests.xctest */;
			productType = "com.apple.product-type.bundle.ui-testing";
		};
/* End PBXNativeTarget section */

/* Begin PBXProject section */
		6009B95D2DBFC22D004971D4 /* Project object */ = {
			isa = PBXProject;
			attributes = {
				BuildIndependentTargetsInParallel = 1;
				LastSwiftUpdateCheck = 1630;
				LastUpgradeCheck = 1630;
				TargetAttributes = {
					6009B9642DBFC22D004971D4 = {
						CreatedOnToolsVersion = 16.3;
					};
					6009B9712DBFC22E004971D4 = {
						CreatedOnToolsVersion = 16.3;
						TestTargetID = 6009B9642DBFC22D004971D4;
					};
					6009B97B2DBFC22E004971D4 = {
						CreatedOnToolsVersion = 16.3;
						TestTargetID = 6009B9642DBFC22D004971D4;
					};
				};
			};
			buildConfigurationList = 6009B9602DBFC22D004971D4 /* Build configuration list for PBXProject "KC-Challenge" */;
			developmentRegion = en;
			hasScannedForEncodings = 0;
			knownRegions = (
				en,
				Base,
			);
			mainGroup = 6009B95C2DBFC22D004971D4;
			minimizedProjectReferenceProxies = 1;
			packageReferences = (
				6009BACE2DBFF505004971D4 /* XCRemoteSwiftPackageReference "swift-composable-architecture" */,
			);
			preferredProjectObjectVersion = 77;
			productRefGroup = 6009B9662DBFC22D004971D4 /* Products */;
			projectDirPath = "";
			projectRoot = "";
			targets = (
				6009B9642DBFC22D004971D4 /* KC-Challenge */,
				6009B9712DBFC22E004971D4 /* KC-ChallengeTests */,
				6009B97B2DBFC22E004971D4 /* KC-ChallengeUITests */,
			);
		};
/* End PBXProject section */

/* Begin PBXResourcesBuildPhase section */
		6009B9632DBFC22D004971D4 /* Resources */ = {
			isa = PBXResourcesBuildPhase;
			buildActionMask = 2147483647;
			files = (
			);
			runOnlyForDeploymentPostprocessing = 0;
		};
		6009B9702DBFC22E004971D4 /* Resources */ = {
			isa = PBXResourcesBuildPhase;
			buildActionMask = 2147483647;
			files = (
			);
			runOnlyForDeploymentPostprocessing = 0;
		};
		6009B97A2DBFC22E004971D4 /* Resources */ = {
			isa = PBXResourcesBuildPhase;
			buildActionMask = 2147483647;
			files = (
			);
			runOnlyForDeploymentPostprocessing = 0;
		};
/* End PBXResourcesBuildPhase section */

/* Begin PBXSourcesBuildPhase section */
		6009B9612DBFC22D004971D4 /* Sources */ = {
			isa = PBXSourcesBuildPhase;
			buildActionMask = 2147483647;
			files = (
			);
			runOnlyForDeploymentPostprocessing = 0;
		};
		6009B96E2DBFC22E004971D4 /* Sources */ = {
			isa = PBXSourcesBuildPhase;
			buildActionMask = 2147483647;
			files = (
			);
			runOnlyForDeploymentPostprocessing = 0;
		};
		6009B9782DBFC22E004971D4 /* Sources */ = {
			isa = PBXSourcesBuildPhase;
			buildActionMask = 2147483647;
			files = (
			);
			runOnlyForDeploymentPostprocessing = 0;
		};
/* End PBXSourcesBuildPhase section */

/* Begin PBXTargetDependency section */
		6009B9742DBFC22E004971D4 /* PBXTargetDependency */ = {
			isa = PBXTargetDependency;
			target = 6009B9642DBFC22D004971D4 /* KC-Challenge */;
			targetProxy = 6009B9732DBFC22E004971D4 /* PBXContainerItemProxy */;
		};
		6009B97E2DBFC22E004971D4 /* PBXTargetDependency */ = {
			isa = PBXTargetDependency;
			target = 6009B9642DBFC22D004971D4 /* KC-Challenge */;
			targetProxy = 6009B97D2DBFC22E004971D4 /* PBXContainerItemProxy */;
		};
/* End PBXTargetDependency section */

/* Begin XCBuildConfiguration section */
		6009B9842DBFC22E004971D4 /* Debug */ = {
			isa = XCBuildConfiguration;
			buildSettings = {
				ALWAYS_SEARCH_USER_PATHS = NO;
				ASSETCATALOG_COMPILER_GENERATE_SWIFT_ASSET_SYMBOL_EXTENSIONS = YES;
				CLANG_ANALYZER_NONNULL = YES;
				CLANG_ANALYZER_NUMBER_OBJECT_CONVERSION = YES_AGGRESSIVE;
				CLANG_CXX_LANGUAGE_STANDARD = "gnu++20";
				CLANG_ENABLE_MODULES = YES;
				CLANG_ENABLE_OBJC_ARC = YES;
				CLANG_ENABLE_OBJC_WEAK = YES;
				CLANG_WARN_BLOCK_CAPTURE_AUTORELEASING = YES;
				CLANG_WARN_BOOL_CONVERSION = YES;
				CLANG_WARN_COMMA = YES;
				CLANG_WARN_CONSTANT_CONVERSION = YES;
				CLANG_WARN_DEPRECATED_OBJC_IMPLEMENTATIONS = YES;
				CLANG_WARN_DIRECT_OBJC_ISA_USAGE = YES_ERROR;
				CLANG_WARN_DOCUMENTATION_COMMENTS = YES;
				CLANG_WARN_EMPTY_BODY = YES;
				CLANG_WARN_ENUM_CONVERSION = YES;
				CLANG_WARN_INFINITE_RECURSION = YES;
				CLANG_WARN_INT_CONVERSION = YES;
				CLANG_WARN_NON_LITERAL_NULL_CONVERSION = YES;
				CLANG_WARN_OBJC_IMPLICIT_RETAIN_SELF = YES;
				CLANG_WARN_OBJC_LITERAL_CONVERSION = YES;
				CLANG_WARN_OBJC_ROOT_CLASS = YES_ERROR;
				CLANG_WARN_QUOTED_INCLUDE_IN_FRAMEWORK_HEADER = YES;
				CLANG_WARN_RANGE_LOOP_ANALYSIS = YES;
				CLANG_WARN_STRICT_PROTOTYPES = YES;
				CLANG_WARN_SUSPICIOUS_MOVE = YES;
				CLANG_WARN_UNGUARDED_AVAILABILITY = YES_AGGRESSIVE;
				CLANG_WARN_UNREACHABLE_CODE = YES;
				CLANG_WARN__DUPLICATE_METHOD_MATCH = YES;
				COPY_PHASE_STRIP = NO;
				DEBUG_INFORMATION_FORMAT = dwarf;
				DEVELOPMENT_TEAM = 784WPTD3P6;
				ENABLE_STRICT_OBJC_MSGSEND = YES;
				ENABLE_TESTABILITY = YES;
				ENABLE_USER_SCRIPT_SANDBOXING = YES;
				GCC_C_LANGUAGE_STANDARD = gnu17;
				GCC_DYNAMIC_NO_PIC = NO;
				GCC_NO_COMMON_BLOCKS = YES;
				GCC_OPTIMIZATION_LEVEL = 0;
				GCC_PREPROCESSOR_DEFINITIONS = (
					"DEBUG=1",
					"$(inherited)",
				);
				GCC_WARN_64_TO_32_BIT_CONVERSION = YES;
				GCC_WARN_ABOUT_RETURN_TYPE = YES_ERROR;
				GCC_WARN_UNDECLARED_SELECTOR = YES;
				GCC_WARN_UNINITIALIZED_AUTOS = YES_AGGRESSIVE;
				GCC_WARN_UNUSED_FUNCTION = YES;
				GCC_WARN_UNUSED_VARIABLE = YES;
				IPHONEOS_DEPLOYMENT_TARGET = 18.4;
				LOCALIZATION_PREFERS_STRING_CATALOGS = YES;
				MTL_ENABLE_DEBUG_INFO = INCLUDE_SOURCE;
				MTL_FAST_MATH = YES;
				ONLY_ACTIVE_ARCH = YES;
				SDKROOT = iphoneos;
				SWIFT_ACTIVE_COMPILATION_CONDITIONS = "DEBUG $(inherited)";
				SWIFT_OPTIMIZATION_LEVEL = "-Onone";
			};
			name = Debug;
		};
		6009B9852DBFC22E004971D4 /* Release */ = {
			isa = XCBuildConfiguration;
			buildSettings = {
				ALWAYS_SEARCH_USER_PATHS = NO;
				ASSETCATALOG_COMPILER_GENERATE_SWIFT_ASSET_SYMBOL_EXTENSIONS = YES;
				CLANG_ANALYZER_NONNULL = YES;
				CLANG_ANALYZER_NUMBER_OBJECT_CONVERSION = YES_AGGRESSIVE;
				CLANG_CXX_LANGUAGE_STANDARD = "gnu++20";
				CLANG_ENABLE_MODULES = YES;
				CLANG_ENABLE_OBJC_ARC = YES;
				CLANG_ENABLE_OBJC_WEAK = YES;
				CLANG_WARN_BLOCK_CAPTURE_AUTORELEASING = YES;
				CLANG_WARN_BOOL_CONVERSION = YES;
				CLANG_WARN_COMMA = YES;
				CLANG_WARN_CONSTANT_CONVERSION = YES;
				CLANG_WARN_DEPRECATED_OBJC_IMPLEMENTATIONS = YES;
				CLANG_WARN_DIRECT_OBJC_ISA_USAGE = YES_ERROR;
				CLANG_WARN_DOCUMENTATION_COMMENTS = YES;
				CLANG_WARN_EMPTY_BODY = YES;
				CLANG_WARN_ENUM_CONVERSION = YES;
				CLANG_WARN_INFINITE_RECURSION = YES;
				CLANG_WARN_INT_CONVERSION = YES;
				CLANG_WARN_NON_LITERAL_NULL_CONVERSION = YES;
				CLANG_WARN_OBJC_IMPLICIT_RETAIN_SELF = YES;
				CLANG_WARN_OBJC_LITERAL_CONVERSION = YES;
				CLANG_WARN_OBJC_ROOT_CLASS = YES_ERROR;
				CLANG_WARN_QUOTED_INCLUDE_IN_FRAMEWORK_HEADER = YES;
				CLANG_WARN_RANGE_LOOP_ANALYSIS = YES;
				CLANG_WARN_STRICT_PROTOTYPES = YES;
				CLANG_WARN_SUSPICIOUS_MOVE = YES;
				CLANG_WARN_UNGUARDED_AVAILABILITY = YES_AGGRESSIVE;
				CLANG_WARN_UNREACHABLE_CODE = YES;
				CLANG_WARN__DUPLICATE_METHOD_MATCH = YES;
				COPY_PHASE_STRIP = NO;
				DEBUG_INFORMATION_FORMAT = "dwarf-with-dsym";
				DEVELOPMENT_TEAM = 784WPTD3P6;
				ENABLE_NS_ASSERTIONS = NO;
				ENABLE_STRICT_OBJC_MSGSEND = YES;
				ENABLE_USER_SCRIPT_SANDBOXING = YES;
				GCC_C_LANGUAGE_STANDARD = gnu17;
				GCC_NO_COMMON_BLOCKS = YES;
				GCC_WARN_64_TO_32_BIT_CONVERSION = YES;
				GCC_WARN_ABOUT_RETURN_TYPE = YES_ERROR;
				GCC_WARN_UNDECLARED_SELECTOR = YES;
				GCC_WARN_UNINITIALIZED_AUTOS = YES_AGGRESSIVE;
				GCC_WARN_UNUSED_FUNCTION = YES;
				GCC_WARN_UNUSED_VARIABLE = YES;
				IPHONEOS_DEPLOYMENT_TARGET = 18.4;
				LOCALIZATION_PREFERS_STRING_CATALOGS = YES;
				MTL_ENABLE_DEBUG_INFO = NO;
				MTL_FAST_MATH = YES;
				SDKROOT = iphoneos;
				SWIFT_COMPILATION_MODE = wholemodule;
				VALIDATE_PRODUCT = YES;
			};
			name = Release;
		};
		6009B9872DBFC22E004971D4 /* Debug */ = {
			isa = XCBuildConfiguration;
			buildSettings = {
				ASSETCATALOG_COMPILER_APPICON_NAME = AppIcon;
				ASSETCATALOG_COMPILER_GLOBAL_ACCENT_COLOR_NAME = AccentColor;
				CODE_SIGN_STYLE = Automatic;
				CURRENT_PROJECT_VERSION = 1;
				DEVELOPMENT_TEAM = 784WPTD3P6;
				ENABLE_PREVIEWS = YES;
				GENERATE_INFOPLIST_FILE = YES;
				INFOPLIST_KEY_UIApplicationSceneManifest_Generation = YES;
				INFOPLIST_KEY_UIApplicationSupportsIndirectInputEvents = YES;
				INFOPLIST_KEY_UILaunchScreen_Generation = YES;
				INFOPLIST_KEY_UISupportedInterfaceOrientations_iPad = "UIInterfaceOrientationPortrait UIInterfaceOrientationPortraitUpsideDown UIInterfaceOrientationLandscapeLeft UIInterfaceOrientationLandscapeRight";
				INFOPLIST_KEY_UISupportedInterfaceOrientations_iPhone = "UIInterfaceOrientationPortrait UIInterfaceOrientationLandscapeLeft UIInterfaceOrientationLandscapeRight";
				IPHONEOS_DEPLOYMENT_TARGET = 18.0;
				LD_RUNPATH_SEARCH_PATHS = (
					"$(inherited)",
					"@executable_path/Frameworks",
				);
				MARKETING_VERSION = 1.0;
				PRODUCT_BUNDLE_IDENTIFIER = "com.kiss.KC-Challenge";
				PRODUCT_NAME = "$(TARGET_NAME)";
				SUPPORTED_PLATFORMS = "iphoneos iphonesimulator";
				SUPPORTS_MACCATALYST = NO;
				SUPPORTS_MAC_DESIGNED_FOR_IPHONE_IPAD = NO;
				SUPPORTS_XR_DESIGNED_FOR_IPHONE_IPAD = NO;
				SWIFT_EMIT_LOC_STRINGS = YES;
				SWIFT_VERSION = 5.0;
				TARGETED_DEVICE_FAMILY = "1,2";
			};
			name = Debug;
		};
		6009B9882DBFC22E004971D4 /* Release */ = {
			isa = XCBuildConfiguration;
			buildSettings = {
				ASSETCATALOG_COMPILER_APPICON_NAME = AppIcon;
				ASSETCATALOG_COMPILER_GLOBAL_ACCENT_COLOR_NAME = AccentColor;
				CODE_SIGN_STYLE = Automatic;
				CURRENT_PROJECT_VERSION = 1;
				DEVELOPMENT_TEAM = 784WPTD3P6;
				ENABLE_PREVIEWS = YES;
				GENERATE_INFOPLIST_FILE = YES;
				INFOPLIST_KEY_UIApplicationSceneManifest_Generation = YES;
				INFOPLIST_KEY_UIApplicationSupportsIndirectInputEvents = YES;
				INFOPLIST_KEY_UILaunchScreen_Generation = YES;
				INFOPLIST_KEY_UISupportedInterfaceOrientations_iPad = "UIInterfaceOrientationPortrait UIInterfaceOrientationPortraitUpsideDown UIInterfaceOrientationLandscapeLeft UIInterfaceOrientationLandscapeRight";
				INFOPLIST_KEY_UISupportedInterfaceOrientations_iPhone = "UIInterfaceOrientationPortrait UIInterfaceOrientationLandscapeLeft UIInterfaceOrientationLandscapeRight";
				IPHONEOS_DEPLOYMENT_TARGET = 18.0;
				LD_RUNPATH_SEARCH_PATHS = (
					"$(inherited)",
					"@executable_path/Frameworks",
				);
				MARKETING_VERSION = 1.0;
				PRODUCT_BUNDLE_IDENTIFIER = "com.kiss.KC-Challenge";
				PRODUCT_NAME = "$(TARGET_NAME)";
				SUPPORTED_PLATFORMS = "iphoneos iphonesimulator";
				SUPPORTS_MACCATALYST = NO;
				SUPPORTS_MAC_DESIGNED_FOR_IPHONE_IPAD = NO;
				SUPPORTS_XR_DESIGNED_FOR_IPHONE_IPAD = NO;
				SWIFT_EMIT_LOC_STRINGS = YES;
				SWIFT_VERSION = 5.0;
				TARGETED_DEVICE_FAMILY = "1,2";
			};
			name = Release;
		};
		6009B98A2DBFC22E004971D4 /* Debug */ = {
			isa = XCBuildConfiguration;
			buildSettings = {
				BUNDLE_LOADER = "$(TEST_HOST)";
				CODE_SIGN_STYLE = Automatic;
				CURRENT_PROJECT_VERSION = 1;
				DEVELOPMENT_TEAM = 784WPTD3P6;
				GENERATE_INFOPLIST_FILE = YES;
				IPHONEOS_DEPLOYMENT_TARGET = 18.4;
				MARKETING_VERSION = 1.0;
				PRODUCT_BUNDLE_IDENTIFIER = "com.kiss.KC-ChallengeTests";
				PRODUCT_NAME = "$(TARGET_NAME)";
				SWIFT_EMIT_LOC_STRINGS = NO;
				SWIFT_VERSION = 5.0;
				TARGETED_DEVICE_FAMILY = "1,2";
				TEST_HOST = "$(BUILT_PRODUCTS_DIR)/KC-Challenge.app/$(BUNDLE_EXECUTABLE_FOLDER_PATH)/KC-Challenge";
			};
			name = Debug;
		};
		6009B98B2DBFC22E004971D4 /* Release */ = {
			isa = XCBuildConfiguration;
			buildSettings = {
				BUNDLE_LOADER = "$(TEST_HOST)";
				CODE_SIGN_STYLE = Automatic;
				CURRENT_PROJECT_VERSION = 1;
				DEVELOPMENT_TEAM = 784WPTD3P6;
				GENERATE_INFOPLIST_FILE = YES;
				IPHONEOS_DEPLOYMENT_TARGET = 18.4;
				MARKETING_VERSION = 1.0;
				PRODUCT_BUNDLE_IDENTIFIER = "com.kiss.KC-ChallengeTests";
				PRODUCT_NAME = "$(TARGET_NAME)";
				SWIFT_EMIT_LOC_STRINGS = NO;
				SWIFT_VERSION = 5.0;
				TARGETED_DEVICE_FAMILY = "1,2";
				TEST_HOST = "$(BUILT_PRODUCTS_DIR)/KC-Challenge.app/$(BUNDLE_EXECUTABLE_FOLDER_PATH)/KC-Challenge";
			};
			name = Release;
		};
		6009B98D2DBFC22E004971D4 /* Debug */ = {
			isa = XCBuildConfiguration;
			buildSettings = {
				CODE_SIGN_STYLE = Automatic;
				CURRENT_PROJECT_VERSION = 1;
				DEVELOPMENT_TEAM = 784WPTD3P6;
				GENERATE_INFOPLIST_FILE = YES;
				MARKETING_VERSION = 1.0;
				PRODUCT_BUNDLE_IDENTIFIER = "com.kiss.KC-ChallengeUITests";
				PRODUCT_NAME = "$(TARGET_NAME)";
				SWIFT_EMIT_LOC_STRINGS = NO;
				SWIFT_VERSION = 5.0;
				TARGETED_DEVICE_FAMILY = "1,2";
				TEST_TARGET_NAME = "KC-Challenge";
			};
			name = Debug;
		};
		6009B98E2DBFC22E004971D4 /* Release */ = {
			isa = XCBuildConfiguration;
			buildSettings = {
				CODE_SIGN_STYLE = Automatic;
				CURRENT_PROJECT_VERSION = 1;
				DEVELOPMENT_TEAM = 784WPTD3P6;
				GENERATE_INFOPLIST_FILE = YES;
				MARKETING_VERSION = 1.0;
				PRODUCT_BUNDLE_IDENTIFIER = "com.kiss.KC-ChallengeUITests";
				PRODUCT_NAME = "$(TARGET_NAME)";
				SWIFT_EMIT_LOC_STRINGS = NO;
				SWIFT_VERSION = 5.0;
				TARGETED_DEVICE_FAMILY = "1,2";
				TEST_TARGET_NAME = "KC-Challenge";
			};
			name = Release;
		};
/* End XCBuildConfiguration section */

/* Begin XCConfigurationList section */
		6009B9602DBFC22D004971D4 /* Build configuration list for PBXProject "KC-Challenge" */ = {
			isa = XCConfigurationList;
			buildConfigurations = (
				6009B9842DBFC22E004971D4 /* Debug */,
				6009B9852DBFC22E004971D4 /* Release */,
			);
			defaultConfigurationIsVisible = 0;
			defaultConfigurationName = Release;
		};
		6009B9862DBFC22E004971D4 /* Build configuration list for PBXNativeTarget "KC-Challenge" */ = {
			isa = XCConfigurationList;
			buildConfigurations = (
				6009B9872DBFC22E004971D4 /* Debug */,
				6009B9882DBFC22E004971D4 /* Release */,
			);
			defaultConfigurationIsVisible = 0;
			defaultConfigurationName = Release;
		};
		6009B9892DBFC22E004971D4 /* Build configuration list for PBXNativeTarget "KC-ChallengeTests" */ = {
			isa = XCConfigurationList;
			buildConfigurations = (
				6009B98A2DBFC22E004971D4 /* Debug */,
				6009B98B2DBFC22E004971D4 /* Release */,
			);
			defaultConfigurationIsVisible = 0;
			defaultConfigurationName = Release;
		};
		6009B98C2DBFC22E004971D4 /* Build configuration list for PBXNativeTarget "KC-ChallengeUITests" */ = {
			isa = XCConfigurationList;
			buildConfigurations = (
				6009B98D2DBFC22E004971D4 /* Debug */,
				6009B98E2DBFC22E004971D4 /* Release */,
			);
			defaultConfigurationIsVisible = 0;
			defaultConfigurationName = Release;
		};
/* End XCConfigurationList section */

/* Begin XCRemoteSwiftPackageReference section */
		6009BACE2DBFF505004971D4 /* XCRemoteSwiftPackageReference "swift-composable-architecture" */ = {
			isa = XCRemoteSwiftPackageReference;
			repositoryURL = "https://github.com/pointfreeco/swift-composable-architecture";
			requirement = {
				kind = upToNextMajorVersion;
				minimumVersion = 1.19.1;
			};
		};
/* End XCRemoteSwiftPackageReference section */

/* Begin XCSwiftPackageProductDependency section */
		6009B9932DBFC370004971D4 /* WeatherClient */ = {
			isa = XCSwiftPackageProductDependency;
			productName = WeatherClient;
		};
		6009BACF2DBFF505004971D4 /* ComposableArchitecture */ = {
			isa = XCSwiftPackageProductDependency;
			package = 6009BACE2DBFF505004971D4 /* XCRemoteSwiftPackageReference "swift-composable-architecture" */;
			productName = ComposableArchitecture;
		};
/* End XCSwiftPackageProductDependency section */
	};
	rootObject = 6009B95D2DBFC22D004971D4 /* Project object */;
}
